// !$*UTF8*$!
{
	archiveVersion = 1;
	classes = {
	};
	objectVersion = 56;
	objects = {

/* Begin PBXBuildFile section */
		49224F5A2B4E5765001CB1D0 /* ScrumdingerApp.swift in Sources */ = {isa = PBXBuildFile; fileRef = 49224F592B4E5765001CB1D0 /* ScrumdingerApp.swift */; };
		49224F5C2B4E5765001CB1D0 /* MeetingView.swift in Sources */ = {isa = PBXBuildFile; fileRef = 49224F5B2B4E5765001CB1D0 /* MeetingView.swift */; };
		49224F5E2B4E5768001CB1D0 /* Assets.xcassets in Resources */ = {isa = PBXBuildFile; fileRef = 49224F5D2B4E5768001CB1D0 /* Assets.xcassets */; };
		49224F612B4E5768001CB1D0 /* Preview Assets.xcassets in Resources */ = {isa = PBXBuildFile; fileRef = 49224F602B4E5768001CB1D0 /* Preview Assets.xcassets */; };
		49224F692B4E692A001CB1D0 /* Theme.swift in Sources */ = {isa = PBXBuildFile; fileRef = 49224F682B4E692A001CB1D0 /* Theme.swift */; };
		49224F6B2B4E6BE5001CB1D0 /* DailyScrum.swift in Sources */ = {isa = PBXBuildFile; fileRef = 49224F6A2B4E6BE5001CB1D0 /* DailyScrum.swift */; };
		49224F6D2B4E7A0D001CB1D0 /* CardView.swift in Sources */ = {isa = PBXBuildFile; fileRef = 49224F6C2B4E7A0D001CB1D0 /* CardView.swift */; };
		49224F6F2B4E7FF6001CB1D0 /* TrailingIconLabelStyle.swift in Sources */ = {isa = PBXBuildFile; fileRef = 49224F6E2B4E7FF6001CB1D0 /* TrailingIconLabelStyle.swift */; };
		49224F712B4E8DBF001CB1D0 /* ScrumsView.swift in Sources */ = {isa = PBXBuildFile; fileRef = 49224F702B4E8DBF001CB1D0 /* ScrumsView.swift */; };
		49224F732B4EA232001CB1D0 /* DetailView.swift in Sources */ = {isa = PBXBuildFile; fileRef = 49224F722B4EA232001CB1D0 /* DetailView.swift */; };
		49224F752B4F9296001CB1D0 /* DetailEditView.swift in Sources */ = {isa = PBXBuildFile; fileRef = 49224F742B4F9296001CB1D0 /* DetailEditView.swift */; };
/* End PBXBuildFile section */

/* Begin PBXFileReference section */
		49224F562B4E5765001CB1D0 /* Scrumdinger.app */ = {isa = PBXFileReference; explicitFileType = wrapper.application; includeInIndex = 0; path = Scrumdinger.app; sourceTree = BUILT_PRODUCTS_DIR; };
		49224F592B4E5765001CB1D0 /* ScrumdingerApp.swift */ = {isa = PBXFileReference; lastKnownFileType = sourcecode.swift; path = ScrumdingerApp.swift; sourceTree = "<group>"; };
		49224F5B2B4E5765001CB1D0 /* MeetingView.swift */ = {isa = PBXFileReference; lastKnownFileType = sourcecode.swift; path = MeetingView.swift; sourceTree = "<group>"; };
		49224F5D2B4E5768001CB1D0 /* Assets.xcassets */ = {isa = PBXFileReference; lastKnownFileType = folder.assetcatalog; path = Assets.xcassets; sourceTree = "<group>"; };
		49224F602B4E5768001CB1D0 /* Preview Assets.xcassets */ = {isa = PBXFileReference; lastKnownFileType = folder.assetcatalog; path = "Preview Assets.xcassets"; sourceTree = "<group>"; };
		49224F682B4E692A001CB1D0 /* Theme.swift */ = {isa = PBXFileReference; lastKnownFileType = sourcecode.swift; path = Theme.swift; sourceTree = "<group>"; };
		49224F6A2B4E6BE5001CB1D0 /* DailyScrum.swift */ = {isa = PBXFileReference; lastKnownFileType = sourcecode.swift; path = DailyScrum.swift; sourceTree = "<group>"; };
		49224F6C2B4E7A0D001CB1D0 /* CardView.swift */ = {isa = PBXFileReference; lastKnownFileType = sourcecode.swift; path = CardView.swift; sourceTree = "<group>"; };
		49224F6E2B4E7FF6001CB1D0 /* TrailingIconLabelStyle.swift */ = {isa = PBXFileReference; lastKnownFileType = sourcecode.swift; path = TrailingIconLabelStyle.swift; sourceTree = "<group>"; };
		49224F702B4E8DBF001CB1D0 /* ScrumsView.swift */ = {isa = PBXFileReference; lastKnownFileType = sourcecode.swift; path = ScrumsView.swift; sourceTree = "<group>"; };
		49224F722B4EA232001CB1D0 /* DetailView.swift */ = {isa = PBXFileReference; lastKnownFileType = sourcecode.swift; path = DetailView.swift; sourceTree = "<group>"; };
		49224F742B4F9296001CB1D0 /* DetailEditView.swift */ = {isa = PBXFileReference; lastKnownFileType = sourcecode.swift; path = DetailEditView.swift; sourceTree = "<group>"; };
/* End PBXFileReference section */

/* Begin PBXFrameworksBuildPhase section */
		49224F532B4E5765001CB1D0 /* Frameworks */ = {
			isa = PBXFrameworksBuildPhase;
			buildActionMask = 2147483647;
			files = (
			);
			runOnlyForDeploymentPostprocessing = 0;
		};
/* End PBXFrameworksBuildPhase section */

/* Begin PBXGroup section */
		49224F4D2B4E5765001CB1D0 = {
			isa = PBXGroup;
			children = (
				49224F582B4E5765001CB1D0 /* Scrumdinger */,
				49224F572B4E5765001CB1D0 /* Products */,
			);
			sourceTree = "<group>";
		};
		49224F572B4E5765001CB1D0 /* Products */ = {
			isa = PBXGroup;
			children = (
				49224F562B4E5765001CB1D0 /* Scrumdinger.app */,
			);
			name = Products;
			sourceTree = "<group>";
		};
		49224F582B4E5765001CB1D0 /* Scrumdinger */ = {
			isa = PBXGroup;
			children = (
				49224F672B4E6913001CB1D0 /* Models */,
				49224F592B4E5765001CB1D0 /* ScrumdingerApp.swift */,
				49224F6C2B4E7A0D001CB1D0 /* CardView.swift */,
				49224F702B4E8DBF001CB1D0 /* ScrumsView.swift */,
				49224F722B4EA232001CB1D0 /* DetailView.swift */,
				49224F742B4F9296001CB1D0 /* DetailEditView.swift */,
				49224F5B2B4E5765001CB1D0 /* MeetingView.swift */,
				49224F6E2B4E7FF6001CB1D0 /* TrailingIconLabelStyle.swift */,
				49224F5D2B4E5768001CB1D0 /* Assets.xcassets */,
				49224F5F2B4E5768001CB1D0 /* Preview Content */,
			);
			path = Scrumdinger;
			sourceTree = "<group>";
		};
		49224F5F2B4E5768001CB1D0 /* Preview Content */ = {
			isa = PBXGroup;
			children = (
				49224F602B4E5768001CB1D0 /* Preview Assets.xcassets */,
			);
			path = "Preview Content";
			sourceTree = "<group>";
		};
		49224F672B4E6913001CB1D0 /* Models */ = {
			isa = PBXGroup;
			children = (
				49224F682B4E692A001CB1D0 /* Theme.swift */,
				49224F6A2B4E6BE5001CB1D0 /* DailyScrum.swift */,
			);
			path = Models;
			sourceTree = "<group>";
		};
/* End PBXGroup section */

/* Begin PBXNativeTarget section */
		49224F552B4E5765001CB1D0 /* Scrumdinger */ = {
			isa = PBXNativeTarget;
			buildConfigurationList = 49224F642B4E5768001CB1D0 /* Build configuration list for PBXNativeTarget "Scrumdinger" */;
			buildPhases = (
				49224F522B4E5765001CB1D0 /* Sources */,
				49224F532B4E5765001CB1D0 /* Frameworks */,
				49224F542B4E5765001CB1D0 /* Resources */,
			);
			buildRules = (
			);
			dependencies = (
			);
			name = Scrumdinger;
			productName = Scrumdinger;
			productReference = 49224F562B4E5765001CB1D0 /* Scrumdinger.app */;
			productType = "com.apple.product-type.application";
		};
/* End PBXNativeTarget section */

/* Begin PBXProject section */
		49224F4E2B4E5765001CB1D0 /* Project object */ = {
			isa = PBXProject;
			attributes = {
				BuildIndependentTargetsInParallel = 1;
				LastSwiftUpdateCheck = 1510;
				LastUpgradeCheck = 1510;
				TargetAttributes = {
					49224F552B4E5765001CB1D0 = {
						CreatedOnToolsVersion = 15.1;
					};
				};
			};
			buildConfigurationList = 49224F512B4E5765001CB1D0 /* Build configuration list for PBXProject "Scrumdinger" */;
			compatibilityVersion = "Xcode 14.0";
			developmentRegion = en;
			hasScannedForEncodings = 0;
			knownRegions = (
				en,
				Base,
			);
			mainGroup = 49224F4D2B4E5765001CB1D0;
			productRefGroup = 49224F572B4E5765001CB1D0 /* Products */;
			projectDirPath = "";
			projectRoot = "";
			targets = (
				49224F552B4E5765001CB1D0 /* Scrumdinger */,
			);
		};
/* End PBXProject section */

/* Begin PBXResourcesBuildPhase section */
		49224F542B4E5765001CB1D0 /* Resources */ = {
			isa = PBXResourcesBuildPhase;
			buildActionMask = 2147483647;
			files = (
				49224F612B4E5768001CB1D0 /* Preview Assets.xcassets in Resources */,
				49224F5E2B4E5768001CB1D0 /* Assets.xcassets in Resources */,
			);
			runOnlyForDeploymentPostprocessing = 0;
		};
/* End PBXResourcesBuildPhase section */

/* Begin PBXSourcesBuildPhase section */
		49224F522B4E5765001CB1D0 /* Sources */ = {
			isa = PBXSourcesBuildPhase;
			buildActionMask = 2147483647;
			files = (
				49224F6B2B4E6BE5001CB1D0 /* DailyScrum.swift in Sources */,
				49224F732B4EA232001CB1D0 /* DetailView.swift in Sources */,
				49224F752B4F9296001CB1D0 /* DetailEditView.swift in Sources */,
				49224F6F2B4E7FF6001CB1D0 /* TrailingIconLabelStyle.swift in Sources */,
				49224F692B4E692A001CB1D0 /* Theme.swift in Sources */,
				49224F712B4E8DBF001CB1D0 /* ScrumsView.swift in Sources */,
				49224F5C2B4E5765001CB1D0 /* MeetingView.swift in Sources */,
				49224F5A2B4E5765001CB1D0 /* ScrumdingerApp.swift in Sources */,
				49224F6D2B4E7A0D001CB1D0 /* CardView.swift in Sources */,
			);
			runOnlyForDeploymentPostprocessing = 0;
		};
/* End PBXSourcesBuildPhase section */

/* Begin XCBuildConfiguration section */
		49224F622B4E5768001CB1D0 /* Debug */ = {
			isa = XCBuildConfiguration;
			buildSettings = {
				ALWAYS_SEARCH_USER_PATHS = NO;
				ASSETCATALOG_COMPILER_GENERATE_SWIFT_ASSET_SYMBOL_EXTENSIONS = YES;
				CLANG_ANALYZER_NONNULL = YES;
				CLANG_ANALYZER_NUMBER_OBJECT_CONVERSION = YES_AGGRESSIVE;
				CLANG_CXX_LANGUAGE_STANDARD = "gnu++20";
				CLANG_ENABLE_MODULES = YES;
				CLANG_ENABLE_OBJC_ARC = YES;
				CLANG_ENABLE_OBJC_WEAK = YES;
				CLANG_WARN_BLOCK_CAPTURE_AUTORELEASING = YES;
				CLANG_WARN_BOOL_CONVERSION = YES;
				CLANG_WARN_COMMA = YES;
				CLANG_WARN_CONSTANT_CONVERSION = YES;
				CLANG_WARN_DEPRECATED_OBJC_IMPLEMENTATIONS = YES;
				CLANG_WARN_DIRECT_OBJC_ISA_USAGE = YES_ERROR;
				CLANG_WARN_DOCUMENTATION_COMMENTS = YES;
				CLANG_WARN_EMPTY_BODY = YES;
				CLANG_WARN_ENUM_CONVERSION = YES;
				CLANG_WARN_INFINITE_RECURSION = YES;
				CLANG_WARN_INT_CONVERSION = YES;
				CLANG_WARN_NON_LITERAL_NULL_CONVERSION = YES;
				CLANG_WARN_OBJC_IMPLICIT_RETAIN_SELF = YES;
				CLANG_WARN_OBJC_LITERAL_CONVERSION = YES;
				CLANG_WARN_OBJC_ROOT_CLASS = YES_ERROR;
				CLANG_WARN_QUOTED_INCLUDE_IN_FRAMEWORK_HEADER = YES;
				CLANG_WARN_RANGE_LOOP_ANALYSIS = YES;
				CLANG_WARN_STRICT_PROTOTYPES = YES;
				CLANG_WARN_SUSPICIOUS_MOVE = YES;
				CLANG_WARN_UNGUARDED_AVAILABILITY = YES_AGGRESSIVE;
				CLANG_WARN_UNREACHABLE_CODE = YES;
				CLANG_WARN__DUPLICATE_METHOD_MATCH = YES;
				COPY_PHASE_STRIP = NO;
				DEBUG_INFORMATION_FORMAT = dwarf;
				ENABLE_STRICT_OBJC_MSGSEND = YES;
				ENABLE_TESTABILITY = YES;
				ENABLE_USER_SCRIPT_SANDBOXING = YES;
				GCC_C_LANGUAGE_STANDARD = gnu17;
				GCC_DYNAMIC_NO_PIC = NO;
				GCC_NO_COMMON_BLOCKS = YES;
				GCC_OPTIMIZATION_LEVEL = 0;
				GCC_PREPROCESSOR_DEFINITIONS = (
					"DEBUG=1",
					"$(inherited)",
				);
				GCC_WARN_64_TO_32_BIT_CONVERSION = YES;
				GCC_WARN_ABOUT_RETURN_TYPE = YES_ERROR;
				GCC_WARN_UNDECLARED_SELECTOR = YES;
				GCC_WARN_UNINITIALIZED_AUTOS = YES_AGGRESSIVE;
				GCC_WARN_UNUSED_FUNCTION = YES;
				GCC_WARN_UNUSED_VARIABLE = YES;
				IPHONEOS_DEPLOYMENT_TARGET = 17.2;
				LOCALIZATION_PREFERS_STRING_CATALOGS = YES;
				MTL_ENABLE_DEBUG_INFO = INCLUDE_SOURCE;
				MTL_FAST_MATH = YES;
				ONLY_ACTIVE_ARCH = YES;
				SDKROOT = iphoneos;
				SWIFT_ACTIVE_COMPILATION_CONDITIONS = "DEBUG $(inherited)";
				SWIFT_OPTIMIZATION_LEVEL = "-Onone";
			};
			name = Debug;
		};
		49224F632B4E5768001CB1D0 /* Release */ = {
			isa = XCBuildConfiguration;
			buildSettings = {
				ALWAYS_SEARCH_USER_PATHS = NO;
				ASSETCATALOG_COMPILER_GENERATE_SWIFT_ASSET_SYMBOL_EXTENSIONS = YES;
				CLANG_ANALYZER_NONNULL = YES;
				CLANG_ANALYZER_NUMBER_OBJECT_CONVERSION = YES_AGGRESSIVE;
				CLANG_CXX_LANGUAGE_STANDARD = "gnu++20";
				CLANG_ENABLE_MODULES = YES;
				CLANG_ENABLE_OBJC_ARC = YES;
				CLANG_ENABLE_OBJC_WEAK = YES;
				CLANG_WARN_BLOCK_CAPTURE_AUTORELEASING = YES;
				CLANG_WARN_BOOL_CONVERSION = YES;
				CLANG_WARN_COMMA = YES;
				CLANG_WARN_CONSTANT_CONVERSION = YES;
				CLANG_WARN_DEPRECATED_OBJC_IMPLEMENTATIONS = YES;
				CLANG_WARN_DIRECT_OBJC_ISA_USAGE = YES_ERROR;
				CLANG_WARN_DOCUMENTATION_COMMENTS = YES;
				CLANG_WARN_EMPTY_BODY = YES;
				CLANG_WARN_ENUM_CONVERSION = YES;
				CLANG_WARN_INFINITE_RECURSION = YES;
				CLANG_WARN_INT_CONVERSION = YES;
				CLANG_WARN_NON_LITERAL_NULL_CONVERSION = YES;
				CLANG_WARN_OBJC_IMPLICIT_RETAIN_SELF = YES;
				CLANG_WARN_OBJC_LITERAL_CONVERSION = YES;
				CLANG_WARN_OBJC_ROOT_CLASS = YES_ERROR;
				CLANG_WARN_QUOTED_INCLUDE_IN_FRAMEWORK_HEADER = YES;
				CLANG_WARN_RANGE_LOOP_ANALYSIS = YES;
				CLANG_WARN_STRICT_PROTOTYPES = YES;
				CLANG_WARN_SUSPICIOUS_MOVE = YES;
				CLANG_WARN_UNGUARDED_AVAILABILITY = YES_AGGRESSIVE;
				CLANG_WARN_UNREACHABLE_CODE = YES;
				CLANG_WARN__DUPLICATE_METHOD_MATCH = YES;
				COPY_PHASE_STRIP = NO;
				DEBUG_INFORMATION_FORMAT = "dwarf-with-dsym";
				ENABLE_NS_ASSERTIONS = NO;
				ENABLE_STRICT_OBJC_MSGSEND = YES;
				ENABLE_USER_SCRIPT_SANDBOXING = YES;
				GCC_C_LANGUAGE_STANDARD = gnu17;
				GCC_NO_COMMON_BLOCKS = YES;
				GCC_WARN_64_TO_32_BIT_CONVERSION = YES;
				GCC_WARN_ABOUT_RETURN_TYPE = YES_ERROR;
				GCC_WARN_UNDECLARED_SELECTOR = YES;
				GCC_WARN_UNINITIALIZED_AUTOS = YES_AGGRESSIVE;
				GCC_WARN_UNUSED_FUNCTION = YES;
				GCC_WARN_UNUSED_VARIABLE = YES;
				IPHONEOS_DEPLOYMENT_TARGET = 17.2;
				LOCALIZATION_PREFERS_STRING_CATALOGS = YES;
				MTL_ENABLE_DEBUG_INFO = NO;
				MTL_FAST_MATH = YES;
				SDKROOT = iphoneos;
				SWIFT_COMPILATION_MODE = wholemodule;
				VALIDATE_PRODUCT = YES;
			};
			name = Release;
		};
		49224F652B4E5768001CB1D0 /* Debug */ = {
			isa = XCBuildConfiguration;
			buildSettings = {
				ASSETCATALOG_COMPILER_APPICON_NAME = AppIcon;
				ASSETCATALOG_COMPILER_GLOBAL_ACCENT_COLOR_NAME = AccentColor;
				CODE_SIGN_STYLE = Automatic;
				CURRENT_PROJECT_VERSION = 1;
				DEVELOPMENT_ASSET_PATHS = "\"Scrumdinger/Preview Content\"";
				DEVELOPMENT_TEAM = T8V4E75DU8;
				ENABLE_PREVIEWS = YES;
				GENERATE_INFOPLIST_FILE = YES;
				INFOPLIST_KEY_UIApplicationSceneManifest_Generation = YES;
				INFOPLIST_KEY_UIApplicationSupportsIndirectInputEvents = YES;
				INFOPLIST_KEY_UILaunchScreen_Generation = YES;
				INFOPLIST_KEY_UISupportedInterfaceOrientations_iPad = "UIInterfaceOrientationPortrait UIInterfaceOrientationPortraitUpsideDown UIInterfaceOrientationLandscapeLeft UIInterfaceOrientationLandscapeRight";
				INFOPLIST_KEY_UISupportedInterfaceOrientations_iPhone = "UIInterfaceOrientationPortrait UIInterfaceOrientationLandscapeLeft UIInterfaceOrientationLandscapeRight";
				LD_RUNPATH_SEARCH_PATHS = (
					"$(inherited)",
					"@executable_path/Frameworks",
				);
				MARKETING_VERSION = 1.0;
				PRODUCT_BUNDLE_IDENTIFIER = com.shafigin.emil.Scrumdinger;
				PRODUCT_NAME = "$(TARGET_NAME)";
				SWIFT_EMIT_LOC_STRINGS = YES;
				SWIFT_VERSION = 5.0;
				TARGETED_DEVICE_FAMILY = "1,2";
			};
			name = Debug;
		};
		49224F662B4E5768001CB1D0 /* Release */ = {
			isa = XCBuildConfiguration;
			buildSettings = {
				ASSETCATALOG_COMPILER_APPICON_NAME = AppIcon;
				ASSETCATALOG_COMPILER_GLOBAL_ACCENT_COLOR_NAME = AccentColor;
				CODE_SIGN_STYLE = Automatic;
				CURRENT_PROJECT_VERSION = 1;
				DEVELOPMENT_ASSET_PATHS = "\"Scrumdinger/Preview Content\"";
				DEVELOPMENT_TEAM = T8V4E75DU8;
				ENABLE_PREVIEWS = YES;
				GENERATE_INFOPLIST_FILE = YES;
				INFOPLIST_KEY_UIApplicationSceneManifest_Generation = YES;
				INFOPLIST_KEY_UIApplicationSupportsIndirectInputEvents = YES;
				INFOPLIST_KEY_UILaunchScreen_Generation = YES;
				INFOPLIST_KEY_UISupportedInterfaceOrientations_iPad = "UIInterfaceOrientationPortrait UIInterfaceOrientationPortraitUpsideDown UIInterfaceOrientationLandscapeLeft UIInterfaceOrientationLandscapeRight";
				INFOPLIST_KEY_UISupportedInterfaceOrientations_iPhone = "UIInterfaceOrientationPortrait UIInterfaceOrientationLandscapeLeft UIInterfaceOrientationLandscapeRight";
				LD_RUNPATH_SEARCH_PATHS = (
					"$(inherited)",
					"@executable_path/Frameworks",
				);
				MARKETING_VERSION = 1.0;
				PRODUCT_BUNDLE_IDENTIFIER = com.shafigin.emil.Scrumdinger;
				PRODUCT_NAME = "$(TARGET_NAME)";
				SWIFT_EMIT_LOC_STRINGS = YES;
				SWIFT_VERSION = 5.0;
				TARGETED_DEVICE_FAMILY = "1,2";
			};
			name = Release;
		};
/* End XCBuildConfiguration section */

/* Begin XCConfigurationList section */
		49224F512B4E5765001CB1D0 /* Build configuration list for PBXProject "Scrumdinger" */ = {
			isa = XCConfigurationList;
			buildConfigurations = (
				49224F622B4E5768001CB1D0 /* Debug */,
				49224F632B4E5768001CB1D0 /* Release */,
			);
			defaultConfigurationIsVisible = 0;
			defaultConfigurationName = Release;
		};
		49224F642B4E5768001CB1D0 /* Build configuration list for PBXNativeTarget "Scrumdinger" */ = {
			isa = XCConfigurationList;
			buildConfigurations = (
				49224F652B4E5768001CB1D0 /* Debug */,
				49224F662B4E5768001CB1D0 /* Release */,
			);
			defaultConfigurationIsVisible = 0;
			defaultConfigurationName = Release;
		};
/* End XCConfigurationList section */
	};
	rootObject = 49224F4E2B4E5765001CB1D0 /* Project object */;
}
